// !$*UTF8*$!
{
	archiveVersion = 1;
	classes = {
	};
	objectVersion = 51;
	objects = {

/* Begin PBXBuildFile section */
		17DFD369A4D6086FF1AB0610 /* Pods_MVVMExample.framework in Frameworks */ = {isa = PBXBuildFile; fileRef = B041FBF464D34F3C1622A976 /* Pods_MVVMExample.framework */; };
		406593782369231D00455A9E /* Constants.swift in Sources */ = {isa = PBXBuildFile; fileRef = 406593772369231D00455A9E /* Constants.swift */; };
		4065937E2369239000455A9E /* Team.swift in Sources */ = {isa = PBXBuildFile; fileRef = 4065937D2369239000455A9E /* Team.swift */; };
		40659380236924CD00455A9E /* TeamManager.swift in Sources */ = {isa = PBXBuildFile; fileRef = 4065937F236924CD00455A9E /* TeamManager.swift */; };
		40B56546236919C100334520 /* AppDelegate.swift in Sources */ = {isa = PBXBuildFile; fileRef = 40B56545236919C100334520 /* AppDelegate.swift */; };
		40B56548236919C100334520 /* SceneDelegate.swift in Sources */ = {isa = PBXBuildFile; fileRef = 40B56547236919C100334520 /* SceneDelegate.swift */; };
		40B5654A236919C100334520 /* ViewController.swift in Sources */ = {isa = PBXBuildFile; fileRef = 40B56549236919C100334520 /* ViewController.swift */; };
		40B5654D236919C100334520 /* Main.storyboard in Resources */ = {isa = PBXBuildFile; fileRef = 40B5654B236919C100334520 /* Main.storyboard */; };
		40B5654F236919C500334520 /* Assets.xcassets in Resources */ = {isa = PBXBuildFile; fileRef = 40B5654E236919C500334520 /* Assets.xcassets */; };
		40B56552236919C500334520 /* LaunchScreen.storyboard in Resources */ = {isa = PBXBuildFile; fileRef = 40B56550236919C500334520 /* LaunchScreen.storyboard */; };
		40F4434123691EEF006F26F3 /* API.swift in Sources */ = {isa = PBXBuildFile; fileRef = 40F4434023691EEF006F26F3 /* API.swift */; };
/* End PBXBuildFile section */

/* Begin PBXFileReference section */
		23D76AC5CD5741322331BC0C /* Pods-MVVMExample.release.xcconfig */ = {isa = PBXFileReference; includeInIndex = 1; lastKnownFileType = text.xcconfig; name = "Pods-MVVMExample.release.xcconfig"; path = "Target Support Files/Pods-MVVMExample/Pods-MVVMExample.release.xcconfig"; sourceTree = "<group>"; };
		406593772369231D00455A9E /* Constants.swift */ = {isa = PBXFileReference; lastKnownFileType = sourcecode.swift; path = Constants.swift; sourceTree = "<group>"; };
		4065937D2369239000455A9E /* Team.swift */ = {isa = PBXFileReference; lastKnownFileType = sourcecode.swift; path = Team.swift; sourceTree = "<group>"; };
		4065937F236924CD00455A9E /* TeamManager.swift */ = {isa = PBXFileReference; lastKnownFileType = sourcecode.swift; path = TeamManager.swift; sourceTree = "<group>"; };
		40B56542236919C100334520 /* MVVMExample.app */ = {isa = PBXFileReference; explicitFileType = wrapper.application; includeInIndex = 0; path = MVVMExample.app; sourceTree = BUILT_PRODUCTS_DIR; };
		40B56545236919C100334520 /* AppDelegate.swift */ = {isa = PBXFileReference; lastKnownFileType = sourcecode.swift; path = AppDelegate.swift; sourceTree = "<group>"; };
		40B56547236919C100334520 /* SceneDelegate.swift */ = {isa = PBXFileReference; lastKnownFileType = sourcecode.swift; path = SceneDelegate.swift; sourceTree = "<group>"; };
		40B56549236919C100334520 /* ViewController.swift */ = {isa = PBXFileReference; lastKnownFileType = sourcecode.swift; path = ViewController.swift; sourceTree = "<group>"; };
		40B5654C236919C100334520 /* Base */ = {isa = PBXFileReference; lastKnownFileType = file.storyboard; name = Base; path = Base.lproj/Main.storyboard; sourceTree = "<group>"; };
		40B5654E236919C500334520 /* Assets.xcassets */ = {isa = PBXFileReference; lastKnownFileType = folder.assetcatalog; path = Assets.xcassets; sourceTree = "<group>"; };
		40B56551236919C500334520 /* Base */ = {isa = PBXFileReference; lastKnownFileType = file.storyboard; name = Base; path = Base.lproj/LaunchScreen.storyboard; sourceTree = "<group>"; };
		40B56553236919C500334520 /* Info.plist */ = {isa = PBXFileReference; lastKnownFileType = text.plist.xml; path = Info.plist; sourceTree = "<group>"; };
		40F4434023691EEF006F26F3 /* API.swift */ = {isa = PBXFileReference; lastKnownFileType = sourcecode.swift; path = API.swift; sourceTree = "<group>"; };
		51C2C773880DEB16174976B0 /* Pods-MVVMExample.debug.xcconfig */ = {isa = PBXFileReference; includeInIndex = 1; lastKnownFileType = text.xcconfig; name = "Pods-MVVMExample.debug.xcconfig"; path = "Target Support Files/Pods-MVVMExample/Pods-MVVMExample.debug.xcconfig"; sourceTree = "<group>"; };
		B041FBF464D34F3C1622A976 /* Pods_MVVMExample.framework */ = {isa = PBXFileReference; explicitFileType = wrapper.framework; includeInIndex = 0; path = Pods_MVVMExample.framework; sourceTree = BUILT_PRODUCTS_DIR; };
/* End PBXFileReference section */

/* Begin PBXFrameworksBuildPhase section */
		40B5653F236919C100334520 /* Frameworks */ = {
			isa = PBXFrameworksBuildPhase;
			buildActionMask = 2147483647;
			files = (
				17DFD369A4D6086FF1AB0610 /* Pods_MVVMExample.framework in Frameworks */,
			);
			runOnlyForDeploymentPostprocessing = 0;
		};
/* End PBXFrameworksBuildPhase section */

/* Begin PBXGroup section */
		351414928D7AAF350AD3DE4F /* Frameworks */ = {
			isa = PBXGroup;
			children = (
				B041FBF464D34F3C1622A976 /* Pods_MVVMExample.framework */,
			);
			name = Frameworks;
			sourceTree = "<group>";
		};
		406593792369235700455A9E /* Services */ = {
			isa = PBXGroup;
			children = (
				4065937F236924CD00455A9E /* TeamManager.swift */,
			);
			path = Services;
			sourceTree = "<group>";
		};
		4065937C2369237400455A9E /* Model */ = {
			isa = PBXGroup;
			children = (
				4065937D2369239000455A9E /* Team.swift */,
			);
			path = Model;
			sourceTree = "<group>";
		};
		40B56539236919C100334520 = {
			isa = PBXGroup;
			children = (
				40B56544236919C100334520 /* MVVMExample */,
				40B56543236919C100334520 /* Products */,
				FDA0A7E447E67E8B547AC2D3 /* Pods */,
				351414928D7AAF350AD3DE4F /* Frameworks */,
			);
			sourceTree = "<group>";
		};
		40B56543236919C100334520 /* Products */ = {
			isa = PBXGroup;
			children = (
				40B56542236919C100334520 /* MVVMExample.app */,
			);
			name = Products;
			sourceTree = "<group>";
		};
		40B56544236919C100334520 /* MVVMExample */ = {
			isa = PBXGroup;
			children = (
				40B56545236919C100334520 /* AppDelegate.swift */,
				40B56547236919C100334520 /* SceneDelegate.swift */,
				40B56549236919C100334520 /* ViewController.swift */,
				40F4434223691F2F006F26F3 /* Infrastructure */,
				406593792369235700455A9E /* Services */,
				4065937C2369237400455A9E /* Model */,
				40B5654B236919C100334520 /* Main.storyboard */,
				40B5654E236919C500334520 /* Assets.xcassets */,
				40B56550236919C500334520 /* LaunchScreen.storyboard */,
				40B56553236919C500334520 /* Info.plist */,
			);
			path = MVVMExample;
			sourceTree = "<group>";
		};
		40F4434223691F2F006F26F3 /* Infrastructure */ = {
			isa = PBXGroup;
			children = (
				40F4434023691EEF006F26F3 /* API.swift */,
				406593772369231D00455A9E /* Constants.swift */,
			);
			path = Infrastructure;
			sourceTree = "<group>";
		};
		FDA0A7E447E67E8B547AC2D3 /* Pods */ = {
			isa = PBXGroup;
			children = (
				51C2C773880DEB16174976B0 /* Pods-MVVMExample.debug.xcconfig */,
				23D76AC5CD5741322331BC0C /* Pods-MVVMExample.release.xcconfig */,
			);
			path = Pods;
			sourceTree = "<group>";
		};
/* End PBXGroup section */

/* Begin PBXNativeTarget section */
		40B56541236919C100334520 /* MVVMExample */ = {
			isa = PBXNativeTarget;
			buildConfigurationList = 40B56556236919C500334520 /* Build configuration list for PBXNativeTarget "MVVMExample" */;
			buildPhases = (
				2CD9E7586607B75AE2E33910 /* [CP] Check Pods Manifest.lock */,
				40B5653E236919C100334520 /* Sources */,
				40B5653F236919C100334520 /* Frameworks */,
				40B56540236919C100334520 /* Resources */,
				BB719CBA274FA656D8C85669 /* [CP] Embed Pods Frameworks */,
			);
			buildRules = (
			);
			dependencies = (
			);
			name = MVVMExample;
			productName = MVVMExample;
			productReference = 40B56542236919C100334520 /* MVVMExample.app */;
			productType = "com.apple.product-type.application";
		};
/* End PBXNativeTarget section */

/* Begin PBXProject section */
		40B5653A236919C100334520 /* Project object */ = {
			isa = PBXProject;
			attributes = {
				LastSwiftUpdateCheck = 1100;
				LastUpgradeCheck = 1100;
				ORGANIZATIONNAME = Sore;
				TargetAttributes = {
					40B56541236919C100334520 = {
						CreatedOnToolsVersion = 11.0;
					};
				};
			};
			buildConfigurationList = 40B5653D236919C100334520 /* Build configuration list for PBXProject "MVVMExample" */;
			compatibilityVersion = "Xcode 9.3";
			developmentRegion = en;
			hasScannedForEncodings = 0;
			knownRegions = (
				en,
				Base,
			);
			mainGroup = 40B56539236919C100334520;
			productRefGroup = 40B56543236919C100334520 /* Products */;
			projectDirPath = "";
			projectRoot = "";
			targets = (
				40B56541236919C100334520 /* MVVMExample */,
			);
		};
/* End PBXProject section */

/* Begin PBXResourcesBuildPhase section */
		40B56540236919C100334520 /* Resources */ = {
			isa = PBXResourcesBuildPhase;
			buildActionMask = 2147483647;
			files = (
				40B56552236919C500334520 /* LaunchScreen.storyboard in Resources */,
				40B5654F236919C500334520 /* Assets.xcassets in Resources */,
				40B5654D236919C100334520 /* Main.storyboard in Resources */,
			);
			runOnlyForDeploymentPostprocessing = 0;
		};
/* End PBXResourcesBuildPhase section */

/* Begin PBXShellScriptBuildPhase section */
		2CD9E7586607B75AE2E33910 /* [CP] Check Pods Manifest.lock */ = {
			isa = PBXShellScriptBuildPhase;
			buildActionMask = 2147483647;
			files = (
			);
			inputFileListPaths = (
			);
			inputPaths = (
				"${PODS_PODFILE_DIR_PATH}/Podfile.lock",
				"${PODS_ROOT}/Manifest.lock",
			);
			name = "[CP] Check Pods Manifest.lock";
			outputFileListPaths = (
			);
			outputPaths = (
				"$(DERIVED_FILE_DIR)/Pods-MVVMExample-checkManifestLockResult.txt",
			);
			runOnlyForDeploymentPostprocessing = 0;
			shellPath = /bin/sh;
			shellScript = "diff \"${PODS_PODFILE_DIR_PATH}/Podfile.lock\" \"${PODS_ROOT}/Manifest.lock\" > /dev/null\nif [ $? != 0 ] ; then\n    # print error to STDERR\n    echo \"error: The sandbox is not in sync with the Podfile.lock. Run 'pod install' or update your CocoaPods installation.\" >&2\n    exit 1\nfi\n# This output is used by Xcode 'outputs' to avoid re-running this script phase.\necho \"SUCCESS\" > \"${SCRIPT_OUTPUT_FILE_0}\"\n";
			showEnvVarsInLog = 0;
		};
		BB719CBA274FA656D8C85669 /* [CP] Embed Pods Frameworks */ = {
			isa = PBXShellScriptBuildPhase;
			buildActionMask = 2147483647;
			files = (
			);
			inputFileListPaths = (
				"${PODS_ROOT}/Target Support Files/Pods-MVVMExample/Pods-MVVMExample-frameworks-${CONFIGURATION}-input-files.xcfilelist",
			);
			name = "[CP] Embed Pods Frameworks";
			outputFileListPaths = (
				"${PODS_ROOT}/Target Support Files/Pods-MVVMExample/Pods-MVVMExample-frameworks-${CONFIGURATION}-output-files.xcfilelist",
			);
			runOnlyForDeploymentPostprocessing = 0;
			shellPath = /bin/sh;
			shellScript = "\"${PODS_ROOT}/Target Support Files/Pods-MVVMExample/Pods-MVVMExample-frameworks.sh\"\n";
			showEnvVarsInLog = 0;
		};
/* End PBXShellScriptBuildPhase section */

/* Begin PBXSourcesBuildPhase section */
		40B5653E236919C100334520 /* Sources */ = {
			isa = PBXSourcesBuildPhase;
			buildActionMask = 2147483647;
			files = (
				4065937E2369239000455A9E /* Team.swift in Sources */,
				406593782369231D00455A9E /* Constants.swift in Sources */,
				40B5654A236919C100334520 /* ViewController.swift in Sources */,
				40B56546236919C100334520 /* AppDelegate.swift in Sources */,
				40F4434123691EEF006F26F3 /* API.swift in Sources */,
				40659380236924CD00455A9E /* TeamManager.swift in Sources */,
				40B56548236919C100334520 /* SceneDelegate.swift in Sources */,
			);
			runOnlyForDeploymentPostprocessing = 0;
		};
/* End PBXSourcesBuildPhase section */

/* Begin PBXVariantGroup section */
		40B5654B236919C100334520 /* Main.storyboard */ = {
			isa = PBXVariantGroup;
			children = (
				40B5654C236919C100334520 /* Base */,
			);
			name = Main.storyboard;
			sourceTree = "<group>";
		};
		40B56550236919C500334520 /* LaunchScreen.storyboard */ = {
			isa = PBXVariantGroup;
			children = (
				40B56551236919C500334520 /* Base */,
			);
			name = LaunchScreen.storyboard;
			sourceTree = "<group>";
		};
/* End PBXVariantGroup section */

/* Begin XCBuildConfiguration section */
		40B56554236919C500334520 /* Debug */ = {
			isa = XCBuildConfiguration;
			buildSettings = {
				ALWAYS_SEARCH_USER_PATHS = NO;
				CLANG_ANALYZER_NONNULL = YES;
				CLANG_ANALYZER_NUMBER_OBJECT_CONVERSION = YES_AGGRESSIVE;
				CLANG_CXX_LANGUAGE_STANDARD = "gnu++14";
				CLANG_CXX_LIBRARY = "libc++";
				CLANG_ENABLE_MODULES = YES;
				CLANG_ENABLE_OBJC_ARC = YES;
				CLANG_ENABLE_OBJC_WEAK = YES;
				CLANG_WARN_BLOCK_CAPTURE_AUTORELEASING = YES;
				CLANG_WARN_BOOL_CONVERSION = YES;
				CLANG_WARN_COMMA = YES;
				CLANG_WARN_CONSTANT_CONVERSION = YES;
				CLANG_WARN_DEPRECATED_OBJC_IMPLEMENTATIONS = YES;
				CLANG_WARN_DIRECT_OBJC_ISA_USAGE = YES_ERROR;
				CLANG_WARN_DOCUMENTATION_COMMENTS = YES;
				CLANG_WARN_EMPTY_BODY = YES;
				CLANG_WARN_ENUM_CONVERSION = YES;
				CLANG_WARN_INFINITE_RECURSION = YES;
				CLANG_WARN_INT_CONVERSION = YES;
				CLANG_WARN_NON_LITERAL_NULL_CONVERSION = YES;
				CLANG_WARN_OBJC_IMPLICIT_RETAIN_SELF = YES;
				CLANG_WARN_OBJC_LITERAL_CONVERSION = YES;
				CLANG_WARN_OBJC_ROOT_CLASS = YES_ERROR;
				CLANG_WARN_RANGE_LOOP_ANALYSIS = YES;
				CLANG_WARN_STRICT_PROTOTYPES = YES;
				CLANG_WARN_SUSPICIOUS_MOVE = YES;
				CLANG_WARN_UNGUARDED_AVAILABILITY = YES_AGGRESSIVE;
				CLANG_WARN_UNREACHABLE_CODE = YES;
				CLANG_WARN__DUPLICATE_METHOD_MATCH = YES;
				COPY_PHASE_STRIP = NO;
				DEBUG_INFORMATION_FORMAT = dwarf;
				ENABLE_STRICT_OBJC_MSGSEND = YES;
				ENABLE_TESTABILITY = YES;
				GCC_C_LANGUAGE_STANDARD = gnu11;
				GCC_DYNAMIC_NO_PIC = NO;
				GCC_NO_COMMON_BLOCKS = YES;
				GCC_OPTIMIZATION_LEVEL = 0;
				GCC_PREPROCESSOR_DEFINITIONS = (
					"DEBUG=1",
					"$(inherited)",
				);
				GCC_WARN_64_TO_32_BIT_CONVERSION = YES;
				GCC_WARN_ABOUT_RETURN_TYPE = YES_ERROR;
				GCC_WARN_UNDECLARED_SELECTOR = YES;
				GCC_WARN_UNINITIALIZED_AUTOS = YES_AGGRESSIVE;
				GCC_WARN_UNUSED_FUNCTION = YES;
				GCC_WARN_UNUSED_VARIABLE = YES;
				IPHONEOS_DEPLOYMENT_TARGET = 13.0;
				MTL_ENABLE_DEBUG_INFO = INCLUDE_SOURCE;
				MTL_FAST_MATH = YES;
				ONLY_ACTIVE_ARCH = YES;
				SDKROOT = iphoneos;
				SWIFT_ACTIVE_COMPILATION_CONDITIONS = DEBUG;
				SWIFT_OPTIMIZATION_LEVEL = "-Onone";
			};
			name = Debug;
		};
		40B56555236919C500334520 /* Release */ = {
			isa = XCBuildConfiguration;
			buildSettings = {
				ALWAYS_SEARCH_USER_PATHS = NO;
				CLANG_ANALYZER_NONNULL = YES;
				CLANG_ANALYZER_NUMBER_OBJECT_CONVERSION = YES_AGGRESSIVE;
				CLANG_CXX_LANGUAGE_STANDARD = "gnu++14";
				CLANG_CXX_LIBRARY = "libc++";
				CLANG_ENABLE_MODULES = YES;
				CLANG_ENABLE_OBJC_ARC = YES;
				CLANG_ENABLE_OBJC_WEAK = YES;
				CLANG_WARN_BLOCK_CAPTURE_AUTORELEASING = YES;
				CLANG_WARN_BOOL_CONVERSION = YES;
				CLANG_WARN_COMMA = YES;
				CLANG_WARN_CONSTANT_CONVERSION = YES;
				CLANG_WARN_DEPRECATED_OBJC_IMPLEMENTATIONS = YES;
				CLANG_WARN_DIRECT_OBJC_ISA_USAGE = YES_ERROR;
				CLANG_WARN_DOCUMENTATION_COMMENTS = YES;
				CLANG_WARN_EMPTY_BODY = YES;
				CLANG_WARN_ENUM_CONVERSION = YES;
				CLANG_WARN_INFINITE_RECURSION = YES;
				CLANG_WARN_INT_CONVERSION = YES;
				CLANG_WARN_NON_LITERAL_NULL_CONVERSION = YES;
				CLANG_WARN_OBJC_IMPLICIT_RETAIN_SELF = YES;
				CLANG_WARN_OBJC_LITERAL_CONVERSION = YES;
				CLANG_WARN_OBJC_ROOT_CLASS = YES_ERROR;
				CLANG_WARN_RANGE_LOOP_ANALYSIS = YES;
				CLANG_WARN_STRICT_PROTOTYPES = YES;
				CLANG_WARN_SUSPICIOUS_MOVE = YES;
				CLANG_WARN_UNGUARDED_AVAILABILITY = YES_AGGRESSIVE;
				CLANG_WARN_UNREACHABLE_CODE = YES;
				CLANG_WARN__DUPLICATE_METHOD_MATCH = YES;
				COPY_PHASE_STRIP = NO;
				DEBUG_INFORMATION_FORMAT = "dwarf-with-dsym";
				ENABLE_NS_ASSERTIONS = NO;
				ENABLE_STRICT_OBJC_MSGSEND = YES;
				GCC_C_LANGUAGE_STANDARD = gnu11;
				GCC_NO_COMMON_BLOCKS = YES;
				GCC_WARN_64_TO_32_BIT_CONVERSION = YES;
				GCC_WARN_ABOUT_RETURN_TYPE = YES_ERROR;
				GCC_WARN_UNDECLARED_SELECTOR = YES;
				GCC_WARN_UNINITIALIZED_AUTOS = YES_AGGRESSIVE;
				GCC_WARN_UNUSED_FUNCTION = YES;
				GCC_WARN_UNUSED_VARIABLE = YES;
				IPHONEOS_DEPLOYMENT_TARGET = 13.0;
				MTL_ENABLE_DEBUG_INFO = NO;
				MTL_FAST_MATH = YES;
				SDKROOT = iphoneos;
				SWIFT_COMPILATION_MODE = wholemodule;
				SWIFT_OPTIMIZATION_LEVEL = "-O";
				VALIDATE_PRODUCT = YES;
			};
			name = Release;
		};
		40B56557236919C500334520 /* Debug */ = {
			isa = XCBuildConfiguration;
			baseConfigurationReference = 51C2C773880DEB16174976B0 /* Pods-MVVMExample.debug.xcconfig */;
			buildSettings = {
				ASSETCATALOG_COMPILER_APPICON_NAME = AppIcon;
				CODE_SIGN_STYLE = Automatic;
				DEVELOPMENT_TEAM = Z33726G6B5;
				INFOPLIST_FILE = MVVMExample/Info.plist;
				LD_RUNPATH_SEARCH_PATHS = (
					"$(inherited)",
					"@executable_path/Frameworks",
				);
				PRODUCT_BUNDLE_IDENTIFIER = sore.MVVMExample;
				PRODUCT_NAME = "$(TARGET_NAME)";
				SWIFT_VERSION = 5.0;
				TARGETED_DEVICE_FAMILY = "1,2";
			};
			name = Debug;
		};
		40B56558236919C500334520 /* Release */ = {
			isa = XCBuildConfiguration;
			baseConfigurationReference = 23D76AC5CD5741322331BC0C /* Pods-MVVMExample.release.xcconfig */;
			buildSettings = {
				ASSETCATALOG_COMPILER_APPICON_NAME = AppIcon;
				CODE_SIGN_STYLE = Automatic;
				DEVELOPMENT_TEAM = Z33726G6B5;
				INFOPLIST_FILE = MVVMExample/Info.plist;
				LD_RUNPATH_SEARCH_PATHS = (
					"$(inherited)",
					"@executable_path/Frameworks",
				);
				PRODUCT_BUNDLE_IDENTIFIER = sore.MVVMExample;
				PRODUCT_NAME = "$(TARGET_NAME)";
				SWIFT_VERSION = 5.0;
				TARGETED_DEVICE_FAMILY = "1,2";
			};
			name = Release;
		};
/* End XCBuildConfiguration section */

/* Begin XCConfigurationList section */
		40B5653D236919C100334520 /* Build configuration list for PBXProject "MVVMExample" */ = {
			isa = XCConfigurationList;
			buildConfigurations = (
				40B56554236919C500334520 /* Debug */,
				40B56555236919C500334520 /* Release */,
			);
			defaultConfigurationIsVisible = 0;
			defaultConfigurationName = Release;
		};
		40B56556236919C500334520 /* Build configuration list for PBXNativeTarget "MVVMExample" */ = {
			isa = XCConfigurationList;
			buildConfigurations = (
				40B56557236919C500334520 /* Debug */,
				40B56558236919C500334520 /* Release */,
			);
			defaultConfigurationIsVisible = 0;
			defaultConfigurationName = Release;
		};
/* End XCConfigurationList section */
	};
	rootObject = 40B5653A236919C100334520 /* Project object */;
}
